
Microsoft Visual Studio Solution File, Format Version 12.00
# Visual Studio Version 16
VisualStudioVersion = 16.0.31019.35
MinimumVisualStudioVersion = 10.0.40219.1
Project("{FAE04EC0-301F-11D3-BF4B-00C04F79EFBC}") = "LoginForm", "LoginForm\LoginForm.csproj", "{6D224D2E-1571-4CE8-A837-4FCB5D4557F8}"
EndProject
Global
	GlobalSection(SolutionConfigurationPlatforms) = preSolution
		Debug|Any CPU = Debug|Any CPU
		Release|Any CPU = Release|Any CPU
	EndGlobalSection
	GlobalSection(ProjectConfigurationPlatforms) = postSolution
		{6D224D2E-1571-4CE8-A837-4FCB5D4557F8}.Debug|Any CPU.ActiveCfg = Debug|Any CPU
		{6D224D2E-1571-4CE8-A837-4FCB5D4557F8}.Debug|Any CPU.Build.0 = Debug|Any CPU
		{6D224D2E-1571-4CE8-A837-4FCB5D4557F8}.Release|Any CPU.ActiveCfg = Release|Any CPU
		{6D224D2E-1571-4CE8-A837-4FCB5D4557F8}.Release|Any CPU.Build.0 = Release|Any CPU
	EndGlobalSection
	GlobalSection(SolutionProperties) = preSolution
		HideSolutionNode = FALSE
	EndGlobalSection
	GlobalSection(ExtensibilityGlobals) = postSolution
		SolutionGuid = {EDF81DBD-93E4-4CE7-923A-DE5F4CA7B66D}
	EndGlobalSection
EndGlobal
